// !$*UTF8*$!
{
	archiveVersion = 1;
	classes = {
	};
	objectVersion = 50;
	objects = {

/* Begin PBXBuildFile section */
		7DED086F24FD0A1200A421F7 /* AppDelegate.swift in Sources */ = {isa = PBXBuildFile; fileRef = 7DED086E24FD0A1200A421F7 /* AppDelegate.swift */; };
		7DED087124FD0A1200A421F7 /* SceneDelegate.swift in Sources */ = {isa = PBXBuildFile; fileRef = 7DED087024FD0A1200A421F7 /* SceneDelegate.swift */; };
		7DED087324FD0A1200A421F7 /* ViewController.swift in Sources */ = {isa = PBXBuildFile; fileRef = 7DED087224FD0A1200A421F7 /* ViewController.swift */; };
		7DED087624FD0A1200A421F7 /* Main.storyboard in Resources */ = {isa = PBXBuildFile; fileRef = 7DED087424FD0A1200A421F7 /* Main.storyboard */; };
		7DED087824FD0A1300A421F7 /* Assets.xcassets in Resources */ = {isa = PBXBuildFile; fileRef = 7DED087724FD0A1300A421F7 /* Assets.xcassets */; };
		7DED087B24FD0A1300A421F7 /* LaunchScreen.storyboard in Resources */ = {isa = PBXBuildFile; fileRef = 7DED087924FD0A1300A421F7 /* LaunchScreen.storyboard */; };
/* End PBXBuildFile section */

/* Begin PBXFileReference section */
		7DED086B24FD0A1200A421F7 /* DetectDonut.app */ = {isa = PBXFileReference; explicitFileType = wrapper.application; includeInIndex = 0; path = DetectDonut.app; sourceTree = BUILT_PRODUCTS_DIR; };
		7DED086E24FD0A1200A421F7 /* AppDelegate.swift */ = {isa = PBXFileReference; lastKnownFileType = sourcecode.swift; path = AppDelegate.swift; sourceTree = "<group>"; };
		7DED087024FD0A1200A421F7 /* SceneDelegate.swift */ = {isa = PBXFileReference; lastKnownFileType = sourcecode.swift; path = SceneDelegate.swift; sourceTree = "<group>"; };
		7DED087224FD0A1200A421F7 /* ViewController.swift */ = {isa = PBXFileReference; lastKnownFileType = sourcecode.swift; path = ViewController.swift; sourceTree = "<group>"; };
		7DED087524FD0A1200A421F7 /* Base */ = {isa = PBXFileReference; lastKnownFileType = file.storyboard; name = Base; path = Base.lproj/Main.storyboard; sourceTree = "<group>"; };
		7DED087724FD0A1300A421F7 /* Assets.xcassets */ = {isa = PBXFileReference; lastKnownFileType = folder.assetcatalog; path = Assets.xcassets; sourceTree = "<group>"; };
		7DED087A24FD0A1300A421F7 /* Base */ = {isa = PBXFileReference; lastKnownFileType = file.storyboard; name = Base; path = Base.lproj/LaunchScreen.storyboard; sourceTree = "<group>"; };
		7DED087C24FD0A1300A421F7 /* Info.plist */ = {isa = PBXFileReference; lastKnownFileType = text.plist.xml; path = Info.plist; sourceTree = "<group>"; };
/* End PBXFileReference section */

/* Begin PBXFrameworksBuildPhase section */
		7DED086824FD0A1200A421F7 /* Frameworks */ = {
			isa = PBXFrameworksBuildPhase;
			buildActionMask = 2147483647;
			files = (
			);
			runOnlyForDeploymentPostprocessing = 0;
		};
/* End PBXFrameworksBuildPhase section */

/* Begin PBXGroup section */
		7DED086224FD0A1200A421F7 = {
			isa = PBXGroup;
			children = (
				7DED086D24FD0A1200A421F7 /* DetectDonut */,
				7DED086C24FD0A1200A421F7 /* Products */,
			);
			sourceTree = "<group>";
		};
		7DED086C24FD0A1200A421F7 /* Products */ = {
			isa = PBXGroup;
			children = (
				7DED086B24FD0A1200A421F7 /* DetectDonut.app */,
			);
			name = Products;
			sourceTree = "<group>";
		};
		7DED086D24FD0A1200A421F7 /* DetectDonut */ = {
			isa = PBXGroup;
			children = (
				7DED086E24FD0A1200A421F7 /* AppDelegate.swift */,
				7DED087024FD0A1200A421F7 /* SceneDelegate.swift */,
				7DED087224FD0A1200A421F7 /* ViewController.swift */,
				7DED087424FD0A1200A421F7 /* Main.storyboard */,
				7DED087724FD0A1300A421F7 /* Assets.xcassets */,
				7DED087924FD0A1300A421F7 /* LaunchScreen.storyboard */,
				7DED087C24FD0A1300A421F7 /* Info.plist */,
			);
			path = DetectDonut;
			sourceTree = "<group>";
		};
/* End PBXGroup section */

/* Begin PBXNativeTarget section */
		7DED086A24FD0A1200A421F7 /* DetectDonut */ = {
			isa = PBXNativeTarget;
			buildConfigurationList = 7DED087F24FD0A1300A421F7 /* Build configuration list for PBXNativeTarget "DetectDonut" */;
			buildPhases = (
				7DED086724FD0A1200A421F7 /* Sources */,
				7DED086824FD0A1200A421F7 /* Frameworks */,
				7DED086924FD0A1200A421F7 /* Resources */,
			);
			buildRules = (
			);
			dependencies = (
			);
			name = DetectDonut;
			productName = DetectDonut;
			productReference = 7DED086B24FD0A1200A421F7 /* DetectDonut.app */;
			productType = "com.apple.product-type.application";
		};
/* End PBXNativeTarget section */

/* Begin PBXProject section */
		7DED086324FD0A1200A421F7 /* Project object */ = {
			isa = PBXProject;
			attributes = {
				LastSwiftUpdateCheck = 1160;
				LastUpgradeCheck = 1160;
				ORGANIZATIONNAME = "Iresh Dudeja";
				TargetAttributes = {
					7DED086A24FD0A1200A421F7 = {
						CreatedOnToolsVersion = 11.6;
					};
				};
			};
			buildConfigurationList = 7DED086624FD0A1200A421F7 /* Build configuration list for PBXProject "DetectDonut" */;
			compatibilityVersion = "Xcode 9.3";
			developmentRegion = en;
			hasScannedForEncodings = 0;
			knownRegions = (
				en,
				Base,
			);
			mainGroup = 7DED086224FD0A1200A421F7;
			productRefGroup = 7DED086C24FD0A1200A421F7 /* Products */;
			projectDirPath = "";
			projectRoot = "";
			targets = (
				7DED086A24FD0A1200A421F7 /* DetectDonut */,
			);
		};
/* End PBXProject section */

/* Begin PBXResourcesBuildPhase section */
		7DED086924FD0A1200A421F7 /* Resources */ = {
			isa = PBXResourcesBuildPhase;
			buildActionMask = 2147483647;
			files = (
				7DED087B24FD0A1300A421F7 /* LaunchScreen.storyboard in Resources */,
				7DED087824FD0A1300A421F7 /* Assets.xcassets in Resources */,
				7DED087624FD0A1200A421F7 /* Main.storyboard in Resources */,
			);
			runOnlyForDeploymentPostprocessing = 0;
		};
/* End PBXResourcesBuildPhase section */

/* Begin PBXSourcesBuildPhase section */
		7DED086724FD0A1200A421F7 /* Sources */ = {
			isa = PBXSourcesBuildPhase;
			buildActionMask = 2147483647;
			files = (
				7DED087324FD0A1200A421F7 /* ViewController.swift in Sources */,
				7DED086F24FD0A1200A421F7 /* AppDelegate.swift in Sources */,
				7DED087124FD0A1200A421F7 /* SceneDelegate.swift in Sources */,
			);
			runOnlyForDeploymentPostprocessing = 0;
		};
/* End PBXSourcesBuildPhase section */

/* Begin PBXVariantGroup section */
		7DED087424FD0A1200A421F7 /* Main.storyboard */ = {
			isa = PBXVariantGroup;
			children = (
				7DED087524FD0A1200A421F7 /* Base */,
			);
			name = Main.storyboard;
			sourceTree = "<group>";
		};
		7DED087924FD0A1300A421F7 /* LaunchScreen.storyboard */ = {
			isa = PBXVariantGroup;
			children = (
				7DED087A24FD0A1300A421F7 /* Base */,
			);
			name = LaunchScreen.storyboard;
			sourceTree = "<group>";
		};
/* End PBXVariantGroup section */

/* Begin XCBuildConfiguration section */
		7DED087D24FD0A1300A421F7 /* Debug */ = {
			isa = XCBuildConfiguration;
			buildSettings = {
				ALWAYS_SEARCH_USER_PATHS = NO;
				CLANG_ANALYZER_NONNULL = YES;
				CLANG_ANALYZER_NUMBER_OBJECT_CONVERSION = YES_AGGRESSIVE;
				CLANG_CXX_LANGUAGE_STANDARD = "gnu++14";
				CLANG_CXX_LIBRARY = "libc++";
				CLANG_ENABLE_MODULES = YES;
				CLANG_ENABLE_OBJC_ARC = YES;
				CLANG_ENABLE_OBJC_WEAK = YES;
				CLANG_WARN_BLOCK_CAPTURE_AUTORELEASING = YES;
				CLANG_WARN_BOOL_CONVERSION = YES;
				CLANG_WARN_COMMA = YES;
				CLANG_WARN_CONSTANT_CONVERSION = YES;
				CLANG_WARN_DEPRECATED_OBJC_IMPLEMENTATIONS = YES;
				CLANG_WARN_DIRECT_OBJC_ISA_USAGE = YES_ERROR;
				CLANG_WARN_DOCUMENTATION_COMMENTS = YES;
				CLANG_WARN_EMPTY_BODY = YES;
				CLANG_WARN_ENUM_CONVERSION = YES;
				CLANG_WARN_INFINITE_RECURSION = YES;
				CLANG_WARN_INT_CONVERSION = YES;
				CLANG_WARN_NON_LITERAL_NULL_CONVERSION = YES;
				CLANG_WARN_OBJC_IMPLICIT_RETAIN_SELF = YES;
				CLANG_WARN_OBJC_LITERAL_CONVERSION = YES;
				CLANG_WARN_OBJC_ROOT_CLASS = YES_ERROR;
				CLANG_WARN_RANGE_LOOP_ANALYSIS = YES;
				CLANG_WARN_STRICT_PROTOTYPES = YES;
				CLANG_WARN_SUSPICIOUS_MOVE = YES;
				CLANG_WARN_UNGUARDED_AVAILABILITY = YES_AGGRESSIVE;
				CLANG_WARN_UNREACHABLE_CODE = YES;
				CLANG_WARN__DUPLICATE_METHOD_MATCH = YES;
				COPY_PHASE_STRIP = NO;
				DEBUG_INFORMATION_FORMAT = dwarf;
				ENABLE_STRICT_OBJC_MSGSEND = YES;
				ENABLE_TESTABILITY = YES;
				GCC_C_LANGUAGE_STANDARD = gnu11;
				GCC_DYNAMIC_NO_PIC = NO;
				GCC_NO_COMMON_BLOCKS = YES;
				GCC_OPTIMIZATION_LEVEL = 0;
				GCC_PREPROCESSOR_DEFINITIONS = (
					"DEBUG=1",
					"$(inherited)",
				);
				GCC_WARN_64_TO_32_BIT_CONVERSION = YES;
				GCC_WARN_ABOUT_RETURN_TYPE = YES_ERROR;
				GCC_WARN_UNDECLARED_SELECTOR = YES;
				GCC_WARN_UNINITIALIZED_AUTOS = YES_AGGRESSIVE;
				GCC_WARN_UNUSED_FUNCTION = YES;
				GCC_WARN_UNUSED_VARIABLE = YES;
				IPHONEOS_DEPLOYMENT_TARGET = 13.6;
				MTL_ENABLE_DEBUG_INFO = INCLUDE_SOURCE;
				MTL_FAST_MATH = YES;
				ONLY_ACTIVE_ARCH = YES;
				SDKROOT = iphoneos;
				SWIFT_ACTIVE_COMPILATION_CONDITIONS = DEBUG;
				SWIFT_OPTIMIZATION_LEVEL = "-Onone";
			};
			name = Debug;
		};
		7DED087E24FD0A1300A421F7 /* Release */ = {
			isa = XCBuildConfiguration;
			buildSettings = {
				ALWAYS_SEARCH_USER_PATHS = NO;
				CLANG_ANALYZER_NONNULL = YES;
				CLANG_ANALYZER_NUMBER_OBJECT_CONVERSION = YES_AGGRESSIVE;
				CLANG_CXX_LANGUAGE_STANDARD = "gnu++14";
				CLANG_CXX_LIBRARY = "libc++";
				CLANG_ENABLE_MODULES = YES;
				CLANG_ENABLE_OBJC_ARC = YES;
				CLANG_ENABLE_OBJC_WEAK = YES;
				CLANG_WARN_BLOCK_CAPTURE_AUTORELEASING = YES;
				CLANG_WARN_BOOL_CONVERSION = YES;
				CLANG_WARN_COMMA = YES;
				CLANG_WARN_CONSTANT_CONVERSION = YES;
				CLANG_WARN_DEPRECATED_OBJC_IMPLEMENTATIONS = YES;
				CLANG_WARN_DIRECT_OBJC_ISA_USAGE = YES_ERROR;
				CLANG_WARN_DOCUMENTATION_COMMENTS = YES;
				CLANG_WARN_EMPTY_BODY = YES;
				CLANG_WARN_ENUM_CONVERSION = YES;
				CLANG_WARN_INFINITE_RECURSION = YES;
				CLANG_WARN_INT_CONVERSION = YES;
				CLANG_WARN_NON_LITERAL_NULL_CONVERSION = YES;
				CLANG_WARN_OBJC_IMPLICIT_RETAIN_SELF = YES;
				CLANG_WARN_OBJC_LITERAL_CONVERSION = YES;
				CLANG_WARN_OBJC_ROOT_CLASS = YES_ERROR;
				CLANG_WARN_RANGE_LOOP_ANALYSIS = YES;
				CLANG_WARN_STRICT_PROTOTYPES = YES;
				CLANG_WARN_SUSPICIOUS_MOVE = YES;
				CLANG_WARN_UNGUARDED_AVAILABILITY = YES_AGGRESSIVE;
				CLANG_WARN_UNREACHABLE_CODE = YES;
				CLANG_WARN__DUPLICATE_METHOD_MATCH = YES;
				COPY_PHASE_STRIP = NO;
				DEBUG_INFORMATION_FORMAT = "dwarf-with-dsym";
				ENABLE_NS_ASSERTIONS = NO;
				ENABLE_STRICT_OBJC_MSGSEND = YES;
				GCC_C_LANGUAGE_STANDARD = gnu11;
				GCC_NO_COMMON_BLOCKS = YES;
				GCC_WARN_64_TO_32_BIT_CONVERSION = YES;
				GCC_WARN_ABOUT_RETURN_TYPE = YES_ERROR;
				GCC_WARN_UNDECLARED_SELECTOR = YES;
				GCC_WARN_UNINITIALIZED_AUTOS = YES_AGGRESSIVE;
				GCC_WARN_UNUSED_FUNCTION = YES;
				GCC_WARN_UNUSED_VARIABLE = YES;
				IPHONEOS_DEPLOYMENT_TARGET = 13.6;
				MTL_ENABLE_DEBUG_INFO = NO;
				MTL_FAST_MATH = YES;
				SDKROOT = iphoneos;
				SWIFT_COMPILATION_MODE = wholemodule;
				SWIFT_OPTIMIZATION_LEVEL = "-O";
				VALIDATE_PRODUCT = YES;
			};
			name = Release;
		};
		7DED088024FD0A1300A421F7 /* Debug */ = {
			isa = XCBuildConfiguration;
			buildSettings = {
				ASSETCATALOG_COMPILER_APPICON_NAME = AppIcon;
				CODE_SIGN_STYLE = Automatic;
				DEVELOPMENT_TEAM = 4EFN5YNHS5;
				INFOPLIST_FILE = DetectDonut/Info.plist;
				LD_RUNPATH_SEARCH_PATHS = (
					"$(inherited)",
					"@executable_path/Frameworks",
				);
				PRODUCT_BUNDLE_IDENTIFIER = in.ireshdudeja.DetectDonut;
				PRODUCT_NAME = "$(TARGET_NAME)";
				SWIFT_VERSION = 5.0;
				TARGETED_DEVICE_FAMILY = "1,2";
			};
			name = Debug;
		};
		7DED088124FD0A1300A421F7 /* Release */ = {
			isa = XCBuildConfiguration;
			buildSettings = {
				ASSETCATALOG_COMPILER_APPICON_NAME = AppIcon;
				CODE_SIGN_STYLE = Automatic;
				DEVELOPMENT_TEAM = 4EFN5YNHS5;
				INFOPLIST_FILE = DetectDonut/Info.plist;
				LD_RUNPATH_SEARCH_PATHS = (
					"$(inherited)",
					"@executable_path/Frameworks",
				);
				PRODUCT_BUNDLE_IDENTIFIER = in.ireshdudeja.DetectDonut;
				PRODUCT_NAME = "$(TARGET_NAME)";
				SWIFT_VERSION = 5.0;
				TARGETED_DEVICE_FAMILY = "1,2";
			};
			name = Release;
		};
/* End XCBuildConfiguration section */

/* Begin XCConfigurationList section */
		7DED086624FD0A1200A421F7 /* Build configuration list for PBXProject "DetectDonut" */ = {
			isa = XCConfigurationList;
			buildConfigurations = (
				7DED087D24FD0A1300A421F7 /* Debug */,
				7DED087E24FD0A1300A421F7 /* Release */,
			);
			defaultConfigurationIsVisible = 0;
			defaultConfigurationName = Release;
		};
		7DED087F24FD0A1300A421F7 /* Build configuration list for PBXNativeTarget "DetectDonut" */ = {
			isa = XCConfigurationList;
			buildConfigurations = (
				7DED088024FD0A1300A421F7 /* Debug */,
				7DED088124FD0A1300A421F7 /* Release */,
			);
			defaultConfigurationIsVisible = 0;
			defaultConfigurationName = Release;
		};
/* End XCConfigurationList section */
	};
	rootObject = 7DED086324FD0A1200A421F7 /* Project object */;
}
